
Microsoft Visual Studio Solution File, Format Version 12.00
# Visual Studio 2013
VisualStudioVersion = 12.0.31101.0
MinimumVisualStudioVersion = 10.0.40219.1
Project("{FAE04EC0-301F-11D3-BF4B-00C04F79EFBC}") = "IntegrationTests.Ui", "IntegrationTests.Ui\IntegrationTests.Ui.csproj", "{1654EBA0-F15F-46C8-9A93-237D2C7C6FE6}"
EndProject
Global
	GlobalSection(SolutionConfigurationPlatforms) = preSolution
		Debug|Any CPU = Debug|Any CPU
		Release|Any CPU = Release|Any CPU
	EndGlobalSection
	GlobalSection(ProjectConfigurationPlatforms) = postSolution
		{1654EBA0-F15F-46C8-9A93-237D2C7C6FE6}.Debug|Any CPU.ActiveCfg = Debug|Any CPU
		{1654EBA0-F15F-46C8-9A93-237D2C7C6FE6}.Debug|Any CPU.Build.0 = Debug|Any CPU
		{1654EBA0-F15F-46C8-9A93-237D2C7C6FE6}.Release|Any CPU.ActiveCfg = Release|Any CPU
		{1654EBA0-F15F-46C8-9A93-237D2C7C6FE6}.Release|Any CPU.Build.0 = Release|Any CPU
	EndGlobalSection
	GlobalSection(SolutionProperties) = preSolution
		HideSolutionNode = FALSE
	EndGlobalSection
EndGlobal
